
Microsoft Visual Studio Solution File, Format Version 12.00
# Visual Studio Version 16
VisualStudioVersion = 25.0.1705.2
MinimumVisualStudioVersion = 10.0.40219.1
Project("{FAE04EC0-301F-11D3-BF4B-00C04F79EFBC}") = "tdt4240-diving-duck-server", "tdt4240-diving-duck-server\tdt4240-diving-duck-server.csproj", "{81AEA9A3-14BD-45FC-8255-9028EEA5094D}"
EndProject
Global
	GlobalSection(SolutionConfigurationPlatforms) = preSolution
		Debug|Any CPU = Debug|Any CPU
		Release|Any CPU = Release|Any CPU
	EndGlobalSection
	GlobalSection(ProjectConfigurationPlatforms) = postSolution
		{81AEA9A3-14BD-45FC-8255-9028EEA5094D}.Debug|Any CPU.ActiveCfg = Debug|Any CPU
		{81AEA9A3-14BD-45FC-8255-9028EEA5094D}.Debug|Any CPU.Build.0 = Debug|Any CPU
		{81AEA9A3-14BD-45FC-8255-9028EEA5094D}.Release|Any CPU.ActiveCfg = Release|Any CPU
		{81AEA9A3-14BD-45FC-8255-9028EEA5094D}.Release|Any CPU.Build.0 = Release|Any CPU
	EndGlobalSection
	GlobalSection(SolutionProperties) = preSolution
		HideSolutionNode = FALSE
	EndGlobalSection
	GlobalSection(ExtensibilityGlobals) = postSolution
		SolutionGuid = {14DE15F6-F963-4761-B783-674497A909F0}
	EndGlobalSection
EndGlobal
